
Microsoft Visual Studio Solution File, Format Version 12.00
# Visual Studio Version 17
VisualStudioVersion = 17.5.33424.131
MinimumVisualStudioVersion = 10.0.40219.1
Project("{FAE04EC0-301F-11D3-BF4B-00C04F79EFBC}") = "calculator", "calculator.csproj", "{22EB6C75-FB0D-4A29-88F5-F782C94D743B}"
EndProject
Global
	GlobalSection(SolutionConfigurationPlatforms) = preSolution
		Debug|Any CPU = Debug|Any CPU
		Release|Any CPU = Release|Any CPU
	EndGlobalSection
	GlobalSection(ProjectConfigurationPlatforms) = postSolution
		{22EB6C75-FB0D-4A29-88F5-F782C94D743B}.Debug|Any CPU.ActiveCfg = Debug|Any CPU
		{22EB6C75-FB0D-4A29-88F5-F782C94D743B}.Debug|Any CPU.Build.0 = Debug|Any CPU
		{22EB6C75-FB0D-4A29-88F5-F782C94D743B}.Release|Any CPU.ActiveCfg = Release|Any CPU
		{22EB6C75-FB0D-4A29-88F5-F782C94D743B}.Release|Any CPU.Build.0 = Release|Any CPU
	EndGlobalSection
	GlobalSection(SolutionProperties) = preSolution
		HideSolutionNode = FALSE
	EndGlobalSection
	GlobalSection(ExtensibilityGlobals) = postSolution
		SolutionGuid = {DEB0F19D-54FE-4057-8F5F-552D9D0F5606}
	EndGlobalSection
EndGlobal
